
Microsoft Visual Studio Solution File, Format Version 12.00
Project("{FAE04EC0-301F-11D3-BF4B-00C04F79EFBC}") = "SignalRStudyServer", "SignalRStudyServer\SignalRStudyServer.csproj", "{F4111945-815A-42C7-A255-86526FE8B004}"
EndProject
Project("{FAE04EC0-301F-11D3-BF4B-00C04F79EFBC}") = "Protocol", "Protocol\Protocol.csproj", "{729BFBFC-737A-4EFB-ACA1-D569B12E5190}"
EndProject
Global
	GlobalSection(SolutionConfigurationPlatforms) = preSolution
		Debug|Any CPU = Debug|Any CPU
		Release|Any CPU = Release|Any CPU
	EndGlobalSection
	GlobalSection(ProjectConfigurationPlatforms) = postSolution
		{F4111945-815A-42C7-A255-86526FE8B004}.Debug|Any CPU.ActiveCfg = Debug|Any CPU
		{F4111945-815A-42C7-A255-86526FE8B004}.Debug|Any CPU.Build.0 = Debug|Any CPU
		{F4111945-815A-42C7-A255-86526FE8B004}.Release|Any CPU.ActiveCfg = Release|Any CPU
		{F4111945-815A-42C7-A255-86526FE8B004}.Release|Any CPU.Build.0 = Release|Any CPU
		{729BFBFC-737A-4EFB-ACA1-D569B12E5190}.Debug|Any CPU.ActiveCfg = Debug|Any CPU
		{729BFBFC-737A-4EFB-ACA1-D569B12E5190}.Debug|Any CPU.Build.0 = Debug|Any CPU
		{729BFBFC-737A-4EFB-ACA1-D569B12E5190}.Release|Any CPU.ActiveCfg = Release|Any CPU
		{729BFBFC-737A-4EFB-ACA1-D569B12E5190}.Release|Any CPU.Build.0 = Release|Any CPU
	EndGlobalSection
EndGlobal
